
Microsoft Visual Studio Solution File, Format Version 12.00
# Visual Studio Version 17
VisualStudioVersion = 17.6.33801.468
MinimumVisualStudioVersion = 10.0.40219.1
Project("{13B669BE-BB05-4DDF-9536-439F39A36129}") = "PHPWebApi", "PHPWebApi.phpproj", "{26C356E7-5CE0-403F-8F88-3E555D8C7387}"
EndProject
Global
	GlobalSection(SolutionConfigurationPlatforms) = preSolution
		Debug|Any CPU = Debug|Any CPU
		Release|Any CPU = Release|Any CPU
	EndGlobalSection
	GlobalSection(ProjectConfigurationPlatforms) = postSolution
		{26C356E7-5CE0-403F-8F88-3E555D8C7387}.Debug|Any CPU.ActiveCfg = Debug|Any CPU
		{26C356E7-5CE0-403F-8F88-3E555D8C7387}.Debug|Any CPU.Build.0 = Debug|Any CPU
		{26C356E7-5CE0-403F-8F88-3E555D8C7387}.Release|Any CPU.ActiveCfg = Release|Any CPU
		{26C356E7-5CE0-403F-8F88-3E555D8C7387}.Release|Any CPU.Build.0 = Release|Any CPU
	EndGlobalSection
	GlobalSection(SolutionProperties) = preSolution
		HideSolutionNode = FALSE
	EndGlobalSection
	GlobalSection(ExtensibilityGlobals) = postSolution
		SolutionGuid = {A5BB5FB7-9372-4BCA-AED2-95F63ECC9C62}
	EndGlobalSection
EndGlobal
